
Microsoft Visual Studio Solution File, Format Version 12.00
# Visual Studio 15
VisualStudioVersion = 15.0.27428.2015
MinimumVisualStudioVersion = 10.0.40219.1
Project("{9A19103F-16F7-4668-BE54-9A1E7A4F7556}") = "TunstallCareChat", "TunstallCareChat\TunstallCareChat.csproj", "{DDEABEC9-1BD2-4A05-B4C7-C1585B599769}"
EndProject
Project("{FAE04EC0-301F-11D3-BF4B-00C04F79EFBC}") = "TunstallCareChatDataAccess", "TunstallCareChatDataAccess\TunstallCareChatDataAccess.csproj", "{73BB39B8-EC41-48DE-9C16-6EA4FB02EC56}"
EndProject
Global
	GlobalSection(SolutionConfigurationPlatforms) = preSolution
		Debug|Any CPU = Debug|Any CPU
		Release|Any CPU = Release|Any CPU
		Debug|x64 = Debug|x64
		Debug|x86 = Debug|x86
		Release|x64 = Release|x64
		Release|x86 = Release|x86
	EndGlobalSection
	GlobalSection(ProjectConfigurationPlatforms) = postSolution
		{DDEABEC9-1BD2-4A05-B4C7-C1585B599769}.Debug|Any CPU.ActiveCfg = Debug|Any CPU
		{DDEABEC9-1BD2-4A05-B4C7-C1585B599769}.Debug|Any CPU.Build.0 = Debug|Any CPU
		{DDEABEC9-1BD2-4A05-B4C7-C1585B599769}.Release|Any CPU.ActiveCfg = Release|Any CPU
		{DDEABEC9-1BD2-4A05-B4C7-C1585B599769}.Release|Any CPU.Build.0 = Release|Any CPU
		{73BB39B8-EC41-48DE-9C16-6EA4FB02EC56}.Debug|Any CPU.ActiveCfg = Debug|Any CPU
		{73BB39B8-EC41-48DE-9C16-6EA4FB02EC56}.Debug|Any CPU.Build.0 = Debug|Any CPU
		{73BB39B8-EC41-48DE-9C16-6EA4FB02EC56}.Debug|x64.ActiveCfg = Debug|x64
		{73BB39B8-EC41-48DE-9C16-6EA4FB02EC56}.Debug|x64.Build.0 = Debug|x64
		{73BB39B8-EC41-48DE-9C16-6EA4FB02EC56}.Debug|x86.ActiveCfg = Debug|x86
		{73BB39B8-EC41-48DE-9C16-6EA4FB02EC56}.Debug|x86.Build.0 = Debug|x86
		{73BB39B8-EC41-48DE-9C16-6EA4FB02EC56}.Release|Any CPU.ActiveCfg = Release|Any CPU
		{73BB39B8-EC41-48DE-9C16-6EA4FB02EC56}.Release|Any CPU.Build.0 = Release|Any CPU
		{73BB39B8-EC41-48DE-9C16-6EA4FB02EC56}.Release|x64.ActiveCfg = Release|x64
		{73BB39B8-EC41-48DE-9C16-6EA4FB02EC56}.Release|x64.Build.0 = Release|x64
		{73BB39B8-EC41-48DE-9C16-6EA4FB02EC56}.Release|x86.ActiveCfg = Release|x86
		{73BB39B8-EC41-48DE-9C16-6EA4FB02EC56}.Release|x86.Build.0 = Release|x86
	EndGlobalSection
	GlobalSection(SolutionProperties) = preSolution
		HideSolutionNode = FALSE
	EndGlobalSection
	GlobalSection(ExtensibilityGlobals) = postSolution
		SolutionGuid = {C043321F-C47A-4908-93F6-8A0C46849F8E}
	EndGlobalSection
EndGlobal
