
Microsoft Visual Studio Solution File, Format Version 12.00
# Visual Studio 14
VisualStudioVersion = 14.0.25123.0
MinimumVisualStudioVersion = 10.0.40219.1
Project("{FAE04EC0-301F-11D3-BF4B-00C04F79EFBC}") = "FraudPrevention", "FraudPrevention\FraudPrevention.csproj", "{478122CE-243F-4B61-9D3D-19E999F536BC}"
EndProject
Project("{2150E333-8FDC-42A3-9474-1A3956D46DE8}") = "Solution Items", "Solution Items", "{A251CAFF-B3F1-43E3-AF11-7DF475DF00D6}"
	ProjectSection(SolutionItems) = preProject
		Readme.txt = Readme.txt
		SampleInput.txt = SampleInput.txt
	EndProjectSection
EndProject
Project("{FAE04EC0-301F-11D3-BF4B-00C04F79EFBC}") = "FraudPrevention.Business", "FraudPrevention.Business\FraudPrevention.Business.csproj", "{DFC63374-0E67-450F-886A-DC734969FE3C}"
EndProject
Project("{FAE04EC0-301F-11D3-BF4B-00C04F79EFBC}") = "FraudPrevention.Interfaces", "FraudPrevention.Interfaces\FraudPrevention.Interfaces.csproj", "{A88CC87D-43F1-48F3-B75B-8113A4FE769D}"
EndProject
Project("{FAE04EC0-301F-11D3-BF4B-00C04F79EFBC}") = "FraudPrevention.DomainModel", "FraudPrevention.DomainModel\FraudPrevention.DomainModel.csproj", "{B37E34DE-77C6-48FA-922A-60A716893A8B}"
EndProject
Project("{2150E333-8FDC-42A3-9474-1A3956D46DE8}") = "Tests", "Tests", "{7A3AE000-D181-439C-B6C7-922BBAAD711E}"
EndProject
Project("{FAE04EC0-301F-11D3-BF4B-00C04F79EFBC}") = "FraudPrevention.Business.Tests", "FraudPrevention.Business.Tests\FraudPrevention.Business.Tests.csproj", "{14FDC919-256E-45CB-8B9B-A22C44B1999D}"
EndProject
Project("{FAE04EC0-301F-11D3-BF4B-00C04F79EFBC}") = "FraudPrevention.DomainModel.Tests", "FraudPrevention.DomainModel.Tests\FraudPrevention.DomainModel.Tests.csproj", "{690A9580-BAC1-46DC-9360-50F69EC4D3B2}"
EndProject
Global
	GlobalSection(SolutionConfigurationPlatforms) = preSolution
		Debug|Any CPU = Debug|Any CPU
		Release|Any CPU = Release|Any CPU
	EndGlobalSection
	GlobalSection(ProjectConfigurationPlatforms) = postSolution
		{478122CE-243F-4B61-9D3D-19E999F536BC}.Debug|Any CPU.ActiveCfg = Debug|Any CPU
		{478122CE-243F-4B61-9D3D-19E999F536BC}.Debug|Any CPU.Build.0 = Debug|Any CPU
		{478122CE-243F-4B61-9D3D-19E999F536BC}.Release|Any CPU.ActiveCfg = Release|Any CPU
		{478122CE-243F-4B61-9D3D-19E999F536BC}.Release|Any CPU.Build.0 = Release|Any CPU
		{DFC63374-0E67-450F-886A-DC734969FE3C}.Debug|Any CPU.ActiveCfg = Debug|Any CPU
		{DFC63374-0E67-450F-886A-DC734969FE3C}.Debug|Any CPU.Build.0 = Debug|Any CPU
		{DFC63374-0E67-450F-886A-DC734969FE3C}.Release|Any CPU.ActiveCfg = Release|Any CPU
		{DFC63374-0E67-450F-886A-DC734969FE3C}.Release|Any CPU.Build.0 = Release|Any CPU
		{A88CC87D-43F1-48F3-B75B-8113A4FE769D}.Debug|Any CPU.ActiveCfg = Debug|Any CPU
		{A88CC87D-43F1-48F3-B75B-8113A4FE769D}.Debug|Any CPU.Build.0 = Debug|Any CPU
		{A88CC87D-43F1-48F3-B75B-8113A4FE769D}.Release|Any CPU.ActiveCfg = Release|Any CPU
		{A88CC87D-43F1-48F3-B75B-8113A4FE769D}.Release|Any CPU.Build.0 = Release|Any CPU
		{B37E34DE-77C6-48FA-922A-60A716893A8B}.Debug|Any CPU.ActiveCfg = Debug|Any CPU
		{B37E34DE-77C6-48FA-922A-60A716893A8B}.Debug|Any CPU.Build.0 = Debug|Any CPU
		{B37E34DE-77C6-48FA-922A-60A716893A8B}.Release|Any CPU.ActiveCfg = Release|Any CPU
		{B37E34DE-77C6-48FA-922A-60A716893A8B}.Release|Any CPU.Build.0 = Release|Any CPU
		{14FDC919-256E-45CB-8B9B-A22C44B1999D}.Debug|Any CPU.ActiveCfg = Debug|Any CPU
		{14FDC919-256E-45CB-8B9B-A22C44B1999D}.Debug|Any CPU.Build.0 = Debug|Any CPU
		{14FDC919-256E-45CB-8B9B-A22C44B1999D}.Release|Any CPU.ActiveCfg = Release|Any CPU
		{14FDC919-256E-45CB-8B9B-A22C44B1999D}.Release|Any CPU.Build.0 = Release|Any CPU
		{690A9580-BAC1-46DC-9360-50F69EC4D3B2}.Debug|Any CPU.ActiveCfg = Debug|Any CPU
		{690A9580-BAC1-46DC-9360-50F69EC4D3B2}.Debug|Any CPU.Build.0 = Debug|Any CPU
		{690A9580-BAC1-46DC-9360-50F69EC4D3B2}.Release|Any CPU.ActiveCfg = Release|Any CPU
		{690A9580-BAC1-46DC-9360-50F69EC4D3B2}.Release|Any CPU.Build.0 = Release|Any CPU
	EndGlobalSection
	GlobalSection(SolutionProperties) = preSolution
		HideSolutionNode = FALSE
	EndGlobalSection
	GlobalSection(NestedProjects) = preSolution
		{14FDC919-256E-45CB-8B9B-A22C44B1999D} = {7A3AE000-D181-439C-B6C7-922BBAAD711E}
		{690A9580-BAC1-46DC-9360-50F69EC4D3B2} = {7A3AE000-D181-439C-B6C7-922BBAAD711E}
	EndGlobalSection
EndGlobal
